{
  "name": "ring",
  "version": "0.0.1",
  "lockfileVersion": 1,
  "requires": true,
  "dependencies": {
    "@material/animation": {
      "version": "https://registry.npmjs.org/@material/animation/-/animation-0.2.3.tgz",
      "integrity": "sha1-JfJJYs1knnZFmharI0t4Rqen9Bk="
    },
    "@material/auto-init": {
      "version": "https://registry.npmjs.org/@material/auto-init/-/auto-init-0.1.2.tgz",
      "integrity": "sha1-ptX4jv/wjAh+U/VcLN+7Is5vSQE="
    },
    "@material/base": {
      "version": "https://registry.npmjs.org/@material/base/-/base-0.2.0.tgz",
      "integrity": "sha1-aF4sNEqgN+Qr55eOHzZf8YO586E="
    },
    "@material/button": {
      "version": "https://registry.npmjs.org/@material/button/-/button-0.3.7.tgz",
      "integrity": "sha1-ORJ5EyL39xKaWiI5wwmOixCkzrg=",
      "requires": {
        "@material/animation": "https://registry.npmjs.org/@material/animation/-/animation-0.2.3.tgz",
        "@material/elevation": "https://registry.npmjs.org/@material/elevation/-/elevation-0.1.8.tgz",
        "@material/ripple": "https://registry.npmjs.org/@material/ripple/-/ripple-0.6.2.tgz",
        "@material/theme": "https://registry.npmjs.org/@material/theme/-/theme-0.1.5.tgz",
        "@material/typography": "https://registry.npmjs.org/@material/typography/-/typography-0.2.2.tgz"
      }
    },
    "@material/card": {
      "version": "https://registry.npmjs.org/@material/card/-/card-0.2.2.tgz",
      "integrity": "sha1-1RA0aU9576MnFwLklxokYPpeqH8=",
      "requires": {
        "@material/elevation": "https://registry.npmjs.org/@material/elevation/-/elevation-0.1.8.tgz",
        "@material/rtl": "https://registry.npmjs.org/@material/rtl/-/rtl-0.1.4.tgz",
        "@material/theme": "https://registry.npmjs.org/@material/theme/-/theme-0.1.5.tgz",
        "@material/typography": "https://registry.npmjs.org/@material/typography/-/typography-0.2.2.tgz"
      }
    },
    "@material/checkbox": {
      "version": "https://registry.npmjs.org/@material/checkbox/-/checkbox-0.3.5.tgz",
      "integrity": "sha1-begfb+gqclsVMNX8iTnnhsawfEQ=",
      "requires": {
        "@material/animation": "https://registry.npmjs.org/@material/animation/-/animation-0.2.3.tgz",
        "@material/base": "https://registry.npmjs.org/@material/base/-/base-0.2.0.tgz",
        "@material/ripple": "https://registry.npmjs.org/@material/ripple/-/ripple-0.6.2.tgz",
        "@material/rtl": "https://registry.npmjs.org/@material/rtl/-/rtl-0.1.4.tgz",
        "@material/theme": "https://registry.npmjs.org/@material/theme/-/theme-0.1.5.tgz"
      }
    },
    "@material/dialog": {
      "version": "https://registry.npmjs.org/@material/dialog/-/dialog-0.3.0.tgz",
      "integrity": "sha1-fjQh2YawMepklKnVhZG1Xolm1bg=",
      "requires": {
        "@material/animation": "https://registry.npmjs.org/@material/animation/-/animation-0.2.3.tgz",
        "@material/base": "https://registry.npmjs.org/@material/base/-/base-0.2.0.tgz",
        "@material/elevation": "https://registry.npmjs.org/@material/elevation/-/elevation-0.1.8.tgz",
        "@material/ripple": "https://registry.npmjs.org/@material/ripple/-/ripple-0.6.2.tgz",
        "@material/rtl": "https://registry.npmjs.org/@material/rtl/-/rtl-0.1.4.tgz",
        "@material/theme": "https://registry.npmjs.org/@material/theme/-/theme-0.1.5.tgz",
        "@material/typography": "https://registry.npmjs.org/@material/typography/-/typography-0.1.1.tgz",
        "focus-trap": "https://registry.npmjs.org/focus-trap/-/focus-trap-2.3.0.tgz"
      },
      "dependencies": {
        "@material/typography": {
          "version": "https://registry.npmjs.org/@material/typography/-/typography-0.1.1.tgz",
          "integrity": "sha1-+y40N70yhNOen7kUhXZ63msr0ME="
        }
      }
    },
    "@material/drawer": {
      "version": "https://registry.npmjs.org/@material/drawer/-/drawer-0.4.3.tgz",
      "integrity": "sha1-LjQqGKuQL19Bystct1IqslBZpsc=",
      "requires": {
        "@material/animation": "https://registry.npmjs.org/@material/animation/-/animation-0.2.3.tgz",
        "@material/base": "https://registry.npmjs.org/@material/base/-/base-0.2.0.tgz",
        "@material/elevation": "https://registry.npmjs.org/@material/elevation/-/elevation-0.1.8.tgz",
        "@material/rtl": "https://registry.npmjs.org/@material/rtl/-/rtl-0.1.4.tgz",
        "@material/theme": "https://registry.npmjs.org/@material/theme/-/theme-0.1.5.tgz",
        "@material/typography": "https://registry.npmjs.org/@material/typography/-/typography-0.2.2.tgz"
      }
    },
    "@material/elevation": {
      "version": "https://registry.npmjs.org/@material/elevation/-/elevation-0.1.8.tgz",
      "integrity": "sha1-V6HzVBozDQNWM9t/XbgsRi0MytA=",
      "requires": {
        "@material/animation": "https://registry.npmjs.org/@material/animation/-/animation-0.2.3.tgz"
      }
    },
    "@material/fab": {
      "version": "https://registry.npmjs.org/@material/fab/-/fab-0.3.9.tgz",
      "integrity": "sha1-SBfHaO1VZU9fztxHeysoXOj6zQI=",
      "requires": {
        "@material/animation": "https://registry.npmjs.org/@material/animation/-/animation-0.2.3.tgz",
        "@material/elevation": "https://registry.npmjs.org/@material/elevation/-/elevation-0.1.8.tgz",
        "@material/ripple": "https://registry.npmjs.org/@material/ripple/-/ripple-0.6.2.tgz",
        "@material/theme": "https://registry.npmjs.org/@material/theme/-/theme-0.1.5.tgz"
      }
    },
    "@material/form-field": {
      "version": "https://registry.npmjs.org/@material/form-field/-/form-field-0.2.6.tgz",
      "integrity": "sha1-8Fhzd2pfklaQWwpP/0USEb/9ncU=",
      "requires": {
        "@material/base": "https://registry.npmjs.org/@material/base/-/base-0.2.0.tgz",
        "@material/rtl": "https://registry.npmjs.org/@material/rtl/-/rtl-0.1.4.tgz",
        "@material/theme": "https://registry.npmjs.org/@material/theme/-/theme-0.1.5.tgz",
        "@material/typography": "https://registry.npmjs.org/@material/typography/-/typography-0.2.2.tgz"
      }
    },
    "@material/grid-list": {
      "version": "https://registry.npmjs.org/@material/grid-list/-/grid-list-0.2.3.tgz",
      "integrity": "sha1-0am+sCYTBYKrx/zKimoV002ZzpU=",
      "requires": {
        "@material/base": "https://registry.npmjs.org/@material/base/-/base-0.2.0.tgz",
        "@material/rtl": "https://registry.npmjs.org/@material/rtl/-/rtl-0.1.4.tgz",
        "@material/theme": "https://registry.npmjs.org/@material/theme/-/theme-0.1.5.tgz",
        "@material/typography": "https://registry.npmjs.org/@material/typography/-/typography-0.2.2.tgz"
      }
    },
    "@material/icon-toggle": {
      "version": "https://registry.npmjs.org/@material/icon-toggle/-/icon-toggle-0.1.12.tgz",
      "integrity": "sha1-5wds0PcHH7zSBg/j1Od07LugHZw=",
      "requires": {
        "@material/animation": "https://registry.npmjs.org/@material/animation/-/animation-0.2.3.tgz",
        "@material/base": "https://registry.npmjs.org/@material/base/-/base-0.2.0.tgz",
        "@material/ripple": "https://registry.npmjs.org/@material/ripple/-/ripple-0.6.2.tgz",
        "@material/theme": "https://registry.npmjs.org/@material/theme/-/theme-0.1.5.tgz"
      }
    },
    "@material/layout-grid": {
      "version": "https://registry.npmjs.org/@material/layout-grid/-/layout-grid-0.1.2.tgz",
      "integrity": "sha1-wZ1p46j/nwlJUo4cf+KrT9pJLHs="
    },
    "@material/linear-progress": {
      "version": "https://registry.npmjs.org/@material/linear-progress/-/linear-progress-0.1.1.tgz",
      "integrity": "sha1-KYYcGe11yrmg0gUcWuWEzBIp0JA=",
      "requires": {
        "@material/animation": "https://registry.npmjs.org/@material/animation/-/animation-0.2.3.tgz",
        "@material/base": "https://registry.npmjs.org/@material/base/-/base-0.2.0.tgz",
        "@material/theme": "https://registry.npmjs.org/@material/theme/-/theme-0.1.5.tgz"
      }
    },
    "@material/list": {
      "version": "https://registry.npmjs.org/@material/list/-/list-0.2.9.tgz",
      "integrity": "sha1-yvy6nYVR7FRuTthuANw0Xmbtp0w=",
      "requires": {
        "@material/ripple": "https://registry.npmjs.org/@material/ripple/-/ripple-0.6.2.tgz",
        "@material/rtl": "https://registry.npmjs.org/@material/rtl/-/rtl-0.1.4.tgz",
        "@material/theme": "https://registry.npmjs.org/@material/theme/-/theme-0.1.5.tgz",
        "@material/typography": "https://registry.npmjs.org/@material/typography/-/typography-0.2.2.tgz"
      }
    },
    "@material/menu": {
      "version": "https://registry.npmjs.org/@material/menu/-/menu-0.2.7.tgz",
      "integrity": "sha1-jnxDso13Fg79l+7Re2st03syCqs=",
      "requires": {
        "@material/animation": "https://registry.npmjs.org/@material/animation/-/animation-0.2.3.tgz",
        "@material/base": "https://registry.npmjs.org/@material/base/-/base-0.2.0.tgz",
        "@material/elevation": "https://registry.npmjs.org/@material/elevation/-/elevation-0.1.8.tgz",
        "@material/theme": "https://registry.npmjs.org/@material/theme/-/theme-0.1.5.tgz",
        "@material/typography": "https://registry.npmjs.org/@material/typography/-/typography-0.2.2.tgz"
      }
    },
    "@material/radio": {
      "version": "https://registry.npmjs.org/@material/radio/-/radio-0.2.5.tgz",
      "integrity": "sha1-/J/kfyIuUZzmkWyP4Zx9Yuqdy+o=",
      "requires": {
        "@material/animation": "https://registry.npmjs.org/@material/animation/-/animation-0.2.3.tgz",
        "@material/base": "https://registry.npmjs.org/@material/base/-/base-0.2.0.tgz",
        "@material/ripple": "https://registry.npmjs.org/@material/ripple/-/ripple-0.6.2.tgz",
        "@material/theme": "https://registry.npmjs.org/@material/theme/-/theme-0.1.5.tgz"
      }
    },
    "@material/ripple": {
      "version": "https://registry.npmjs.org/@material/ripple/-/ripple-0.6.2.tgz",
      "integrity": "sha1-qFVtt8FB019VgsWZC+hpC++d7lk=",
      "requires": {
        "@material/base": "https://registry.npmjs.org/@material/base/-/base-0.2.0.tgz",
        "@material/theme": "https://registry.npmjs.org/@material/theme/-/theme-0.1.5.tgz"
      }
    },
    "@material/rtl": {
      "version": "https://registry.npmjs.org/@material/rtl/-/rtl-0.1.4.tgz",
      "integrity": "sha1-A7maD/T65U0nHOfFhrXPbe6MYLw="
    },
    "@material/select": {
      "version": "https://registry.npmjs.org/@material/select/-/select-0.3.7.tgz",
      "integrity": "sha1-RW0b4Vm1GBpGHF8F0eHSg0AhqzE=",
      "requires": {
        "@material/animation": "https://registry.npmjs.org/@material/animation/-/animation-0.2.3.tgz",
        "@material/base": "https://registry.npmjs.org/@material/base/-/base-0.2.0.tgz",
        "@material/list": "https://registry.npmjs.org/@material/list/-/list-0.2.9.tgz",
        "@material/menu": "https://registry.npmjs.org/@material/menu/-/menu-0.2.7.tgz",
        "@material/rtl": "https://registry.npmjs.org/@material/rtl/-/rtl-0.1.4.tgz",
        "@material/theme": "https://registry.npmjs.org/@material/theme/-/theme-0.1.5.tgz",
        "@material/typography": "https://registry.npmjs.org/@material/typography/-/typography-0.2.2.tgz"
      }
    },
    "@material/snackbar": {
      "version": "https://registry.npmjs.org/@material/snackbar/-/snackbar-0.2.0.tgz",
      "integrity": "sha1-x8/qnHbUJMe3JtAjMJG2rFZQRo0=",
      "requires": {
        "@material/animation": "https://registry.npmjs.org/@material/animation/-/animation-0.2.3.tgz",
        "@material/base": "https://registry.npmjs.org/@material/base/-/base-0.2.0.tgz",
        "@material/button": "https://registry.npmjs.org/@material/button/-/button-0.3.7.tgz",
        "@material/rtl": "https://registry.npmjs.org/@material/rtl/-/rtl-0.1.4.tgz",
        "@material/theme": "https://registry.npmjs.org/@material/theme/-/theme-0.1.5.tgz",
        "@material/typography": "https://registry.npmjs.org/@material/typography/-/typography-0.2.2.tgz"
      }
    },
    "@material/switch": {
      "version": "https://registry.npmjs.org/@material/switch/-/switch-0.1.8.tgz",
      "integrity": "sha1-42wBpqWZWfKsQ+NhvBv2Wi77RFw=",
      "requires": {
        "@material/animation": "https://registry.npmjs.org/@material/animation/-/animation-0.2.3.tgz",
        "@material/elevation": "https://registry.npmjs.org/@material/elevation/-/elevation-0.1.8.tgz",
        "@material/theme": "https://registry.npmjs.org/@material/theme/-/theme-0.1.5.tgz"
      }
    },
    "@material/tabs": {
      "version": "https://registry.npmjs.org/@material/tabs/-/tabs-0.2.0.tgz",
      "integrity": "sha1-Ym2aJuD2FiiLvkWSANng01sh17A=",
      "requires": {
        "@material/animation": "https://registry.npmjs.org/@material/animation/-/animation-0.2.3.tgz",
        "@material/base": "https://registry.npmjs.org/@material/base/-/base-0.2.0.tgz",
        "@material/ripple": "https://registry.npmjs.org/@material/ripple/-/ripple-0.6.2.tgz",
        "@material/rtl": "https://registry.npmjs.org/@material/rtl/-/rtl-0.1.4.tgz",
        "@material/theme": "https://registry.npmjs.org/@material/theme/-/theme-0.1.5.tgz",
        "@material/typography": "https://registry.npmjs.org/@material/typography/-/typography-0.2.2.tgz"
      }
    },
    "@material/textfield": {
      "version": "https://registry.npmjs.org/@material/textfield/-/textfield-0.2.10.tgz",
      "integrity": "sha1-RCB2TyILFxRb6xzCzgkLOTUPLSc=",
      "requires": {
        "@material/animation": "https://registry.npmjs.org/@material/animation/-/animation-0.2.3.tgz",
        "@material/base": "https://registry.npmjs.org/@material/base/-/base-0.2.0.tgz",
        "@material/rtl": "https://registry.npmjs.org/@material/rtl/-/rtl-0.1.4.tgz",
        "@material/theme": "https://registry.npmjs.org/@material/theme/-/theme-0.1.5.tgz",
        "@material/typography": "https://registry.npmjs.org/@material/typography/-/typography-0.2.2.tgz"
      }
    },
    "@material/theme": {
      "version": "https://registry.npmjs.org/@material/theme/-/theme-0.1.5.tgz",
      "integrity": "sha1-XHvZoZdNjBwOrPA34CNarZxctpk="
    },
    "@material/toolbar": {
      "version": "https://registry.npmjs.org/@material/toolbar/-/toolbar-0.3.3.tgz",
      "integrity": "sha1-mGfj9WXtyn9vndxr55E+WRdCKHI=",
      "requires": {
        "@material/base": "https://registry.npmjs.org/@material/base/-/base-0.2.0.tgz",
        "@material/elevation": "https://registry.npmjs.org/@material/elevation/-/elevation-0.1.8.tgz",
        "@material/rtl": "https://registry.npmjs.org/@material/rtl/-/rtl-0.1.4.tgz",
        "@material/theme": "https://registry.npmjs.org/@material/theme/-/theme-0.1.5.tgz",
        "@material/typography": "https://registry.npmjs.org/@material/typography/-/typography-0.2.2.tgz"
      }
    },
    "@material/typography": {
      "version": "https://registry.npmjs.org/@material/typography/-/typography-0.2.2.tgz",
      "integrity": "sha1-3F8HY619blrVyGw5SzYPK0zzC7I="
    },
    "accepts": {
      "version": "https://registry.npmjs.org/accepts/-/accepts-1.3.3.tgz",
      "integrity": "sha1-w8p0NJOGSMPg2cHjKN1otiLChMo=",
      "requires": {
        "mime-types": "https://registry.npmjs.org/mime-types/-/mime-types-2.1.15.tgz",
        "negotiator": "https://registry.npmjs.org/negotiator/-/negotiator-0.6.1.tgz"
      }
    },
    "array-flatten": {
      "version": "https://registry.npmjs.org/array-flatten/-/array-flatten-1.1.1.tgz",
      "integrity": "sha1-ml9pkFGx5wczKPKgCJaLZOopVdI="
    },
    "axios": {
      "version": "https://registry.npmjs.org/axios/-/axios-0.16.2.tgz",
      "integrity": "sha1-uk+S8XFn37q0CYN4VFS5rBScPG0=",
      "requires": {
        "follow-redirects": "https://registry.npmjs.org/follow-redirects/-/follow-redirects-1.2.3.tgz",
        "is-buffer": "https://registry.npmjs.org/is-buffer/-/is-buffer-1.1.5.tgz"
      }
    },
    "content-disposition": {
      "version": "https://registry.npmjs.org/content-disposition/-/content-disposition-0.5.2.tgz",
      "integrity": "sha1-DPaLud318r55YcOoUXjLhdunjLQ="
    },
    "content-type": {
      "version": "https://registry.npmjs.org/content-type/-/content-type-1.0.2.tgz",
      "integrity": "sha1-t9ETrueo3Se9IRM8TcJSnfFyHu0="
    },
    "cookie": {
      "version": "https://registry.npmjs.org/cookie/-/cookie-0.3.1.tgz",
      "integrity": "sha1-5+Ch+e9DtMi6klxcWpboBtFoc7s="
    },
    "cookie-signature": {
      "version": "https://registry.npmjs.org/cookie-signature/-/cookie-signature-1.0.6.tgz",
      "integrity": "sha1-4wOogrNCzD7oylE6eZmXNNqzriw="
    },
    "debug": {
      "version": "https://registry.npmjs.org/debug/-/debug-2.6.7.tgz",
      "integrity": "sha1-krrR9tBbu2u6Isyoi80OyJTChh4=",
      "requires": {
        "ms": "https://registry.npmjs.org/ms/-/ms-2.0.0.tgz"
      }
    },
    "depd": {
      "version": "https://registry.npmjs.org/depd/-/depd-1.1.0.tgz",
      "integrity": "sha1-4b2Cxqq2ztlluXuIsX7T5SjKGMM="
    },
    "destroy": {
      "version": "https://registry.npmjs.org/destroy/-/destroy-1.0.4.tgz",
      "integrity": "sha1-l4hXRCxEdJ5CBmE+N5RiBYJqvYA="
    },
    "ee-first": {
      "version": "https://registry.npmjs.org/ee-first/-/ee-first-1.1.1.tgz",
      "integrity": "sha1-WQxhFWsK4vTwJVcyoViyZrxWsh0="
    },
    "encodeurl": {
      "version": "https://registry.npmjs.org/encodeurl/-/encodeurl-1.0.1.tgz",
      "integrity": "sha1-eePVhlU0aQn+bw9Fpd5oEDspTSA="
    },
    "escape-html": {
      "version": "https://registry.npmjs.org/escape-html/-/escape-html-1.0.3.tgz",
      "integrity": "sha1-Aljq5NPQwJdN4cFpGI7wBR0dGYg="
    },
    "etag": {
      "version": "https://registry.npmjs.org/etag/-/etag-1.8.0.tgz",
      "integrity": "sha1-b2Ma7zNtbEY2K1F2QETOIWvjwFE="
    },
    "express": {
      "version": "https://registry.npmjs.org/express/-/express-4.15.3.tgz",
      "integrity": "sha1-urZdDwOqgMNYQIly/HAPkWlEtmI=",
      "requires": {
        "accepts": "https://registry.npmjs.org/accepts/-/accepts-1.3.3.tgz",
        "array-flatten": "https://registry.npmjs.org/array-flatten/-/array-flatten-1.1.1.tgz",
        "content-disposition": "https://registry.npmjs.org/content-disposition/-/content-disposition-0.5.2.tgz",
        "content-type": "https://registry.npmjs.org/content-type/-/content-type-1.0.2.tgz",
        "cookie": "https://registry.npmjs.org/cookie/-/cookie-0.3.1.tgz",
        "cookie-signature": "https://registry.npmjs.org/cookie-signature/-/cookie-signature-1.0.6.tgz",
        "debug": "https://registry.npmjs.org/debug/-/debug-2.6.7.tgz",
        "depd": "https://registry.npmjs.org/depd/-/depd-1.1.0.tgz",
        "encodeurl": "https://registry.npmjs.org/encodeurl/-/encodeurl-1.0.1.tgz",
        "escape-html": "https://registry.npmjs.org/escape-html/-/escape-html-1.0.3.tgz",
        "etag": "https://registry.npmjs.org/etag/-/etag-1.8.0.tgz",
        "finalhandler": "https://registry.npmjs.org/finalhandler/-/finalhandler-1.0.3.tgz",
        "fresh": "https://registry.npmjs.org/fresh/-/fresh-0.5.0.tgz",
        "merge-descriptors": "https://registry.npmjs.org/merge-descriptors/-/merge-descriptors-1.0.1.tgz",
        "methods": "https://registry.npmjs.org/methods/-/methods-1.1.2.tgz",
        "on-finished": "https://registry.npmjs.org/on-finished/-/on-finished-2.3.0.tgz",
        "parseurl": "https://registry.npmjs.org/parseurl/-/parseurl-1.3.1.tgz",
        "path-to-regexp": "https://registry.npmjs.org/path-to-regexp/-/path-to-regexp-0.1.7.tgz",
        "proxy-addr": "https://registry.npmjs.org/proxy-addr/-/proxy-addr-1.1.4.tgz",
        "qs": "https://registry.npmjs.org/qs/-/qs-6.4.0.tgz",
        "range-parser": "https://registry.npmjs.org/range-parser/-/range-parser-1.2.0.tgz",
        "send": "https://registry.npmjs.org/send/-/send-0.15.3.tgz",
        "serve-static": "https://registry.npmjs.org/serve-static/-/serve-static-1.12.3.tgz",
        "setprototypeof": "https://registry.npmjs.org/setprototypeof/-/setprototypeof-1.0.3.tgz",
        "statuses": "https://registry.npmjs.org/statuses/-/statuses-1.3.1.tgz",
        "type-is": "https://registry.npmjs.org/type-is/-/type-is-1.6.15.tgz",
        "utils-merge": "https://registry.npmjs.org/utils-merge/-/utils-merge-1.0.0.tgz",
        "vary": "https://registry.npmjs.org/vary/-/vary-1.1.1.tgz"
      }
    },
    "finalhandler": {
      "version": "https://registry.npmjs.org/finalhandler/-/finalhandler-1.0.3.tgz",
      "integrity": "sha1-70fneVDpmXgOhgIqVg4yF+DQzIk=",
      "requires": {
        "debug": "https://registry.npmjs.org/debug/-/debug-2.6.7.tgz",
        "encodeurl": "https://registry.npmjs.org/encodeurl/-/encodeurl-1.0.1.tgz",
        "escape-html": "https://registry.npmjs.org/escape-html/-/escape-html-1.0.3.tgz",
        "on-finished": "https://registry.npmjs.org/on-finished/-/on-finished-2.3.0.tgz",
        "parseurl": "https://registry.npmjs.org/parseurl/-/parseurl-1.3.1.tgz",
        "statuses": "https://registry.npmjs.org/statuses/-/statuses-1.3.1.tgz",
        "unpipe": "https://registry.npmjs.org/unpipe/-/unpipe-1.0.0.tgz"
      }
    },
    "focus-trap": {
      "version": "https://registry.npmjs.org/focus-trap/-/focus-trap-2.3.0.tgz",
      "integrity": "sha1-B8kZZIZ9NGMV9PX434i/lkVTFuI=",
      "requires": {
        "tabbable": "https://registry.npmjs.org/tabbable/-/tabbable-1.0.6.tgz"
      }
    },
    "follow-redirects": {
      "version": "https://registry.npmjs.org/follow-redirects/-/follow-redirects-1.2.3.tgz",
      "integrity": "sha1-AauuyoXjYJg32fzaMWen5C/ayiE=",
      "requires": {
        "debug": "https://registry.npmjs.org/debug/-/debug-2.6.7.tgz"
      }
    },
    "forwarded": {
      "version": "https://registry.npmjs.org/forwarded/-/forwarded-0.1.0.tgz",
      "integrity": "sha1-Ge+YdMSuHCl7zweP3mOgm2aoQ2M="
    },
    "fresh": {
      "version": "https://registry.npmjs.org/fresh/-/fresh-0.5.0.tgz",
      "integrity": "sha1-9HTKXmqSRtb9jglTz6m5yAWvp44="
    },
    "http-errors": {
      "version": "https://registry.npmjs.org/http-errors/-/http-errors-1.6.1.tgz",
      "integrity": "sha1-X4uO2YrKVFZWv1cplzh/kEpyIlc=",
      "requires": {
        "depd": "https://registry.npmjs.org/depd/-/depd-1.1.0.tgz",
        "inherits": "https://registry.npmjs.org/inherits/-/inherits-2.0.3.tgz",
        "setprototypeof": "https://registry.npmjs.org/setprototypeof/-/setprototypeof-1.0.3.tgz",
        "statuses": "https://registry.npmjs.org/statuses/-/statuses-1.3.1.tgz"
      }
    },
    "inherits": {
      "version": "https://registry.npmjs.org/inherits/-/inherits-2.0.3.tgz",
      "integrity": "sha1-Yzwsg+PaQqUC9SRmAiSA9CCCYd4="
    },
    "ipaddr.js": {
      "version": "https://registry.npmjs.org/ipaddr.js/-/ipaddr.js-1.3.0.tgz",
      "integrity": "sha1-HgOlL9rYOou7KyXL9JmLTP/NPew="
    },
    "is-buffer": {
      "version": "https://registry.npmjs.org/is-buffer/-/is-buffer-1.1.5.tgz",
      "integrity": "sha1-Hzsm72E7IUuIy8ojzGwB2Hlh7sw="
    },
    "lodash": {
      "version": "4.17.4",
      "resolved": "https://registry.npmjs.org/lodash/-/lodash-4.17.4.tgz",
      "integrity": "sha1-eCA6TRwyiuHYbcpkYONptX9AVa4="
    },
    "material-components-web": {
      "version": "https://registry.npmjs.org/material-components-web/-/material-components-web-0.12.1.tgz",
      "integrity": "sha1-PvhWK1Os/CO76ugSdRugIeJGy7A=",
      "requires": {
        "@material/animation": "https://registry.npmjs.org/@material/animation/-/animation-0.2.3.tgz",
        "@material/auto-init": "https://registry.npmjs.org/@material/auto-init/-/auto-init-0.1.2.tgz",
        "@material/base": "https://registry.npmjs.org/@material/base/-/base-0.2.0.tgz",
        "@material/button": "https://registry.npmjs.org/@material/button/-/button-0.3.7.tgz",
        "@material/card": "https://registry.npmjs.org/@material/card/-/card-0.2.2.tgz",
        "@material/checkbox": "https://registry.npmjs.org/@material/checkbox/-/checkbox-0.3.5.tgz",
        "@material/dialog": "https://registry.npmjs.org/@material/dialog/-/dialog-0.3.0.tgz",
        "@material/drawer": "https://registry.npmjs.org/@material/drawer/-/drawer-0.4.3.tgz",
        "@material/elevation": "https://registry.npmjs.org/@material/elevation/-/elevation-0.1.8.tgz",
        "@material/fab": "https://registry.npmjs.org/@material/fab/-/fab-0.3.9.tgz",
        "@material/form-field": "https://registry.npmjs.org/@material/form-field/-/form-field-0.2.6.tgz",
        "@material/grid-list": "https://registry.npmjs.org/@material/grid-list/-/grid-list-0.2.3.tgz",
        "@material/icon-toggle": "https://registry.npmjs.org/@material/icon-toggle/-/icon-toggle-0.1.12.tgz",
        "@material/layout-grid": "https://registry.npmjs.org/@material/layout-grid/-/layout-grid-0.1.2.tgz",
        "@material/linear-progress": "https://registry.npmjs.org/@material/linear-progress/-/linear-progress-0.1.1.tgz",
        "@material/list": "https://registry.npmjs.org/@material/list/-/list-0.2.9.tgz",
        "@material/menu": "https://registry.npmjs.org/@material/menu/-/menu-0.2.7.tgz",
        "@material/radio": "https://registry.npmjs.org/@material/radio/-/radio-0.2.5.tgz",
        "@material/ripple": "https://registry.npmjs.org/@material/ripple/-/ripple-0.6.2.tgz",
        "@material/select": "https://registry.npmjs.org/@material/select/-/select-0.3.7.tgz",
        "@material/snackbar": "https://registry.npmjs.org/@material/snackbar/-/snackbar-0.2.0.tgz",
        "@material/switch": "https://registry.npmjs.org/@material/switch/-/switch-0.1.8.tgz",
        "@material/tabs": "https://registry.npmjs.org/@material/tabs/-/tabs-0.2.0.tgz",
        "@material/textfield": "https://registry.npmjs.org/@material/textfield/-/textfield-0.2.10.tgz",
        "@material/theme": "https://registry.npmjs.org/@material/theme/-/theme-0.1.5.tgz",
        "@material/toolbar": "https://registry.npmjs.org/@material/toolbar/-/toolbar-0.3.3.tgz",
        "@material/typography": "https://registry.npmjs.org/@material/typography/-/typography-0.2.2.tgz"
      }
    },
    "media-typer": {
      "version": "https://registry.npmjs.org/media-typer/-/media-typer-0.3.0.tgz",
      "integrity": "sha1-hxDXrwqmJvj/+hzgAWhUUmMlV0g="
    },
    "merge-descriptors": {
      "version": "https://registry.npmjs.org/merge-descriptors/-/merge-descriptors-1.0.1.tgz",
      "integrity": "sha1-sAqqVW3YtEVoFQ7J0blT8/kMu2E="
    },
    "methods": {
      "version": "https://registry.npmjs.org/methods/-/methods-1.1.2.tgz",
      "integrity": "sha1-VSmk1nZUE07cxSZmVoNbD4Ua/O4="
    },
    "mime": {
      "version": "https://registry.npmjs.org/mime/-/mime-1.3.4.tgz",
      "integrity": "sha1-EV+eO2s9rylZmDyzjxSaLUDrXVM="
    },
    "mime-db": {
      "version": "https://registry.npmjs.org/mime-db/-/mime-db-1.27.0.tgz",
      "integrity": "sha1-gg9XIpa70g7CXtVeW13oaeVDbrE="
    },
    "mime-types": {
      "version": "https://registry.npmjs.org/mime-types/-/mime-types-2.1.15.tgz",
      "integrity": "sha1-pOv1BkCUVpI3uM9wBGd20J/JKu0=",
      "requires": {
        "mime-db": "https://registry.npmjs.org/mime-db/-/mime-db-1.27.0.tgz"
      }
    },
    "ms": {
      "version": "https://registry.npmjs.org/ms/-/ms-2.0.0.tgz",
      "integrity": "sha1-VgiurfwAvmwpAd9fmGF4jeDVl8g="
    },
    "negotiator": {
      "version": "https://registry.npmjs.org/negotiator/-/negotiator-0.6.1.tgz",
      "integrity": "sha1-KzJxhOiZIQEXeyhWP7XnECrNDKk="
    },
    "on-finished": {
      "version": "https://registry.npmjs.org/on-finished/-/on-finished-2.3.0.tgz",
      "integrity": "sha1-IPEzZIGwg811M3mSoWlxqi2QaUc=",
      "requires": {
        "ee-first": "https://registry.npmjs.org/ee-first/-/ee-first-1.1.1.tgz"
      }
    },
    "parseurl": {
      "version": "https://registry.npmjs.org/parseurl/-/parseurl-1.3.1.tgz",
      "integrity": "sha1-yKuMkiO6NIiKpkopeyiFO+wY2lY="
    },
    "path-to-regexp": {
      "version": "https://registry.npmjs.org/path-to-regexp/-/path-to-regexp-0.1.7.tgz",
      "integrity": "sha1-32BBeABfUi8V60SQ5yR6G/qmf4w="
    },
    "proxy-addr": {
      "version": "https://registry.npmjs.org/proxy-addr/-/proxy-addr-1.1.4.tgz",
      "integrity": "sha1-J+VF9pYKRKYn2bREZ+NcG2tM4vM=",
      "requires": {
        "forwarded": "https://registry.npmjs.org/forwarded/-/forwarded-0.1.0.tgz",
        "ipaddr.js": "https://registry.npmjs.org/ipaddr.js/-/ipaddr.js-1.3.0.tgz"
      }
    },
    "qs": {
      "version": "https://registry.npmjs.org/qs/-/qs-6.4.0.tgz",
      "integrity": "sha1-E+JtKK1rD/qpExLNO/cI7TUecjM="
    },
    "range-parser": {
      "version": "https://registry.npmjs.org/range-parser/-/range-parser-1.2.0.tgz",
      "integrity": "sha1-9JvmtIeJTdxA3MlKMi9hEJLgDV4="
    },
    "send": {
      "version": "https://registry.npmjs.org/send/-/send-0.15.3.tgz",
      "integrity": "sha1-UBP5+ZAj31DRvZiSwZ4979HVMwk=",
      "requires": {
        "debug": "https://registry.npmjs.org/debug/-/debug-2.6.7.tgz",
        "depd": "https://registry.npmjs.org/depd/-/depd-1.1.0.tgz",
        "destroy": "https://registry.npmjs.org/destroy/-/destroy-1.0.4.tgz",
        "encodeurl": "https://registry.npmjs.org/encodeurl/-/encodeurl-1.0.1.tgz",
        "escape-html": "https://registry.npmjs.org/escape-html/-/escape-html-1.0.3.tgz",
        "etag": "https://registry.npmjs.org/etag/-/etag-1.8.0.tgz",
        "fresh": "https://registry.npmjs.org/fresh/-/fresh-0.5.0.tgz",
        "http-errors": "https://registry.npmjs.org/http-errors/-/http-errors-1.6.1.tgz",
        "mime": "https://registry.npmjs.org/mime/-/mime-1.3.4.tgz",
        "ms": "https://registry.npmjs.org/ms/-/ms-2.0.0.tgz",
        "on-finished": "https://registry.npmjs.org/on-finished/-/on-finished-2.3.0.tgz",
        "range-parser": "https://registry.npmjs.org/range-parser/-/range-parser-1.2.0.tgz",
        "statuses": "https://registry.npmjs.org/statuses/-/statuses-1.3.1.tgz"
      }
    },
    "serve-static": {
      "version": "https://registry.npmjs.org/serve-static/-/serve-static-1.12.3.tgz",
      "integrity": "sha1-n0uhni8wMMVH+K+ZEHg47DjVseI=",
      "requires": {
        "encodeurl": "https://registry.npmjs.org/encodeurl/-/encodeurl-1.0.1.tgz",
        "escape-html": "https://registry.npmjs.org/escape-html/-/escape-html-1.0.3.tgz",
        "parseurl": "https://registry.npmjs.org/parseurl/-/parseurl-1.3.1.tgz",
        "send": "https://registry.npmjs.org/send/-/send-0.15.3.tgz"
      }
    },
    "setprototypeof": {
      "version": "https://registry.npmjs.org/setprototypeof/-/setprototypeof-1.0.3.tgz",
      "integrity": "sha1-ZlZ+NwQ+608E2RvWWMDL77VbjgQ="
    },
    "statuses": {
      "version": "https://registry.npmjs.org/statuses/-/statuses-1.3.1.tgz",
      "integrity": "sha1-+vUbnrdKrvOzrPStX2Gr8ky3uT4="
    },
    "tabbable": {
      "version": "https://registry.npmjs.org/tabbable/-/tabbable-1.0.6.tgz",
      "integrity": "sha1-fCaofqb0ol7fXtthl0WgrnQHJPw="
    },
    "type-is": {
      "version": "https://registry.npmjs.org/type-is/-/type-is-1.6.15.tgz",
      "integrity": "sha1-yrEPtJCeRByChC6v4a1kbIGARBA=",
      "requires": {
        "media-typer": "https://registry.npmjs.org/media-typer/-/media-typer-0.3.0.tgz",
        "mime-types": "https://registry.npmjs.org/mime-types/-/mime-types-2.1.15.tgz"
      }
    },
    "unpipe": {
      "version": "https://registry.npmjs.org/unpipe/-/unpipe-1.0.0.tgz",
      "integrity": "sha1-sr9O6FFKrmFltIF4KdIbLvSZBOw="
    },
    "utils-merge": {
      "version": "https://registry.npmjs.org/utils-merge/-/utils-merge-1.0.0.tgz",
      "integrity": "sha1-ApT7kiu5N1FTVBxPcJYjHyh8ivg="
    },
    "vary": {
      "version": "https://registry.npmjs.org/vary/-/vary-1.1.1.tgz",
      "integrity": "sha1-Z1Neu2lMHVIldFeYRmUyP1h+jTc="
    }
  }
}
