{
  "name": "ring",
  "version": "0.0.1",
  "lockfileVersion": 1,
  "requires": true,
  "dependencies": {
    "@material/selection-control": {
      "version": "0.1.3",
      "resolved": "https://registry.npmjs.org/@material/selection-control/-/selection-control-0.1.3.tgz",
      "integrity": "sha1-T7ftH9fuIpajLBVs8sHriSv+RMY=",
      "requires": {
        "@material/ripple": "0.8.8"
      },
      "dependencies": {
        "@material/base": {
          "version": "0.2.6",
          "resolved": "https://registry.npmjs.org/@material/base/-/base-0.2.6.tgz",
          "integrity": "sha1-MAPz3ywG0XIVHUFguMiy5sZefAE="
        },
        "@material/ripple": {
          "version": "0.8.8",
          "resolved": "https://registry.npmjs.org/@material/ripple/-/ripple-0.8.8.tgz",
          "integrity": "sha1-Irie2eY4g/F/pPANEjcOMuDEWbc=",
          "requires": {
            "@material/base": "0.2.6",
            "@material/theme": "0.4.0"
          }
        },
        "@material/theme": {
          "version": "0.4.0",
          "resolved": "https://registry.npmjs.org/@material/theme/-/theme-0.4.0.tgz",
          "integrity": "sha1-Cu8aAnm2XBWZBYT7i47KCVxzRkE="
        }
      }
    },
    "@material/tabs": {
      "version": "0.2.9",
      "resolved": "https://registry.npmjs.org/@material/tabs/-/tabs-0.2.9.tgz",
      "integrity": "sha1-5RLSSKYrN+XtVwkMUuZhmWDr3bM=",
      "requires": {
        "@material/animation": "0.3.1",
        "@material/base": "0.2.6",
        "@material/ripple": "0.8.8",
        "@material/rtl": "0.1.8",
        "@material/theme": "0.3.1",
        "@material/typography": "0.3.0"
      },
      "dependencies": {
        "@material/animation": {
          "version": "0.3.1",
          "resolved": "https://registry.npmjs.org/@material/animation/-/animation-0.3.1.tgz",
          "integrity": "sha1-Ip3mkn0FkNbWsgFX13jSZO8CIpo="
        },
        "@material/base": {
          "version": "0.2.6",
          "resolved": "https://registry.npmjs.org/@material/base/-/base-0.2.6.tgz",
          "integrity": "sha1-MAPz3ywG0XIVHUFguMiy5sZefAE="
        },
        "@material/ripple": {
          "version": "0.8.8",
          "resolved": "https://registry.npmjs.org/@material/ripple/-/ripple-0.8.8.tgz",
          "integrity": "sha1-Irie2eY4g/F/pPANEjcOMuDEWbc=",
          "requires": {
            "@material/base": "0.2.6",
            "@material/theme": "0.4.0"
          },
          "dependencies": {
            "@material/theme": {
              "version": "0.4.0",
              "resolved": "https://registry.npmjs.org/@material/theme/-/theme-0.4.0.tgz",
              "integrity": "sha1-Cu8aAnm2XBWZBYT7i47KCVxzRkE="
            }
          }
        },
        "@material/rtl": {
          "version": "0.1.8",
          "resolved": "https://registry.npmjs.org/@material/rtl/-/rtl-0.1.8.tgz",
          "integrity": "sha512-NzBobwxvhJg+dch99pVO+Z9HL1DM+esuIy5WYXgM7trfOVh8n9DkVo5vD/NKnDy6F5wCaRnJOI5T19Tev6c9Zw=="
        },
        "@material/theme": {
          "version": "0.3.1",
          "resolved": "https://registry.npmjs.org/@material/theme/-/theme-0.3.1.tgz",
          "integrity": "sha512-0PRLqMPCL3mEaUXyc/SWZWDHWjfyS7xXT64h7dT4lwwA0oHpq0OdQaqemYWkI1h+CVHeT0qSwirRNJ0jxBlhtA=="
        },
        "@material/typography": {
          "version": "0.3.0",
          "resolved": "https://registry.npmjs.org/@material/typography/-/typography-0.3.0.tgz",
          "integrity": "sha1-+CjC0yFb/WbFgHJwm0JgxkElOQo="
        }
      }
    },
    "axios": {
      "version": "0.16.2",
      "resolved": "https://registry.npmjs.org/axios/-/axios-0.16.2.tgz",
      "integrity": "sha1-uk+S8XFn37q0CYN4VFS5rBScPG0=",
      "requires": {
        "follow-redirects": "1.5.2",
        "is-buffer": "1.1.6"
      },
      "dependencies": {
        "debug": {
          "version": "3.1.0",
          "resolved": "https://registry.npmjs.org/debug/-/debug-3.1.0.tgz",
          "integrity": "sha512-OX8XqP7/1a9cqkxYw2yXss15f26NKWBpDXQd0/uK/KPqdQhxbPa994hnzjcE2VqQpDslf55723cKPUOGSmMY3g==",
          "requires": {
            "ms": "2.0.0"
          }
        },
        "follow-redirects": {
          "version": "1.5.2",
          "resolved": "https://registry.npmjs.org/follow-redirects/-/follow-redirects-1.5.2.tgz",
          "integrity": "sha512-kssLorP/9acIdpQ2udQVTiCS5LQmdEz9mvdIfDcl1gYX2tPKFADHSyFdvJS040XdFsPzemWtgI3q8mFVCxtX8A==",
          "requires": {
            "debug": "3.1.0"
          }
        },
        "is-buffer": {
          "version": "1.1.6",
          "resolved": "https://registry.npmjs.org/is-buffer/-/is-buffer-1.1.6.tgz",
          "integrity": "sha512-NcdALwpXkTm5Zvvbk7owOUSvVvBKDgKP5/ewfXEznmQFfs4ZRmanOeKBTjRVjka3QFoN6XJ+9F3USqfHqTaU5w=="
        },
        "ms": {
          "version": "2.0.0",
          "resolved": "https://registry.npmjs.org/ms/-/ms-2.0.0.tgz",
          "integrity": "sha1-VgiurfwAvmwpAd9fmGF4jeDVl8g="
        }
      }
    },
    "body-parser": {
      "version": "1.18.2",
      "resolved": "https://registry.npmjs.org/body-parser/-/body-parser-1.18.2.tgz",
      "integrity": "sha1-h2eKGdhLR9hZuDGZvVm84iKxBFQ=",
      "requires": {
        "bytes": "3.0.0",
        "content-type": "1.0.4",
        "debug": "2.6.9",
        "depd": "1.1.2",
        "http-errors": "1.6.3",
        "iconv-lite": "0.4.19",
        "on-finished": "2.3.0",
        "qs": "6.5.1",
        "raw-body": "2.3.2",
        "type-is": "1.6.16"
      },
      "dependencies": {
        "content-type": {
          "version": "1.0.4",
          "resolved": "https://registry.npmjs.org/content-type/-/content-type-1.0.4.tgz",
          "integrity": "sha512-hIP3EEPs8tB9AT1L+NUqtwOAps4mk2Zob89MWXMHjHWg9milF/j4osnnQLXBCBFBk/tvIG/tUc9mOUJiPBhPXA=="
        },
        "debug": {
          "version": "2.6.9",
          "resolved": "https://registry.npmjs.org/debug/-/debug-2.6.9.tgz",
          "integrity": "sha512-bC7ElrdJaJnPbAP+1EotYvqZsb3ecl5wi6Bfi6BJTUcNowp6cvspg0jXznRTKDjm/E7AdgFBVeAPVMNcKGsHMA==",
          "requires": {
            "ms": "2.0.0"
          }
        },
        "depd": {
          "version": "1.1.2",
          "resolved": "https://registry.npmjs.org/depd/-/depd-1.1.2.tgz",
          "integrity": "sha1-m81S4UwJd2PnSbJ0xDRu0uVgtak="
        },
        "ee-first": {
          "version": "1.1.1",
          "resolved": "https://registry.npmjs.org/ee-first/-/ee-first-1.1.1.tgz",
          "integrity": "sha1-WQxhFWsK4vTwJVcyoViyZrxWsh0="
        },
        "http-errors": {
          "version": "1.6.3",
          "resolved": "https://registry.npmjs.org/http-errors/-/http-errors-1.6.3.tgz",
          "integrity": "sha1-i1VoC7S+KDoLW/TqLjhYC+HZMg0=",
          "requires": {
            "depd": "1.1.2",
            "inherits": "2.0.3",
            "setprototypeof": "1.1.0",
            "statuses": "1.5.0"
          }
        },
        "inherits": {
          "version": "2.0.3",
          "resolved": "https://registry.npmjs.org/inherits/-/inherits-2.0.3.tgz",
          "integrity": "sha1-Yzwsg+PaQqUC9SRmAiSA9CCCYd4="
        },
        "media-typer": {
          "version": "0.3.0",
          "resolved": "https://registry.npmjs.org/media-typer/-/media-typer-0.3.0.tgz",
          "integrity": "sha1-hxDXrwqmJvj/+hzgAWhUUmMlV0g="
        },
        "mime-db": {
          "version": "1.35.0",
          "resolved": "https://registry.npmjs.org/mime-db/-/mime-db-1.35.0.tgz",
          "integrity": "sha512-JWT/IcCTsB0Io3AhWUMjRqucrHSPsSf2xKLaRldJVULioggvkJvggZ3VXNNSRkCddE6D+BUI4HEIZIA2OjwIvg=="
        },
        "mime-types": {
          "version": "2.1.19",
          "resolved": "https://registry.npmjs.org/mime-types/-/mime-types-2.1.19.tgz",
          "integrity": "sha512-P1tKYHVSZ6uFo26mtnve4HQFE3koh1UWVkp8YUC+ESBHe945xWSoXuHHiGarDqcEZ+whpCDnlNw5LON0kLo+sw==",
          "requires": {
            "mime-db": "1.35.0"
          }
        },
        "ms": {
          "version": "2.0.0",
          "resolved": "https://registry.npmjs.org/ms/-/ms-2.0.0.tgz",
          "integrity": "sha1-VgiurfwAvmwpAd9fmGF4jeDVl8g="
        },
        "on-finished": {
          "version": "2.3.0",
          "resolved": "https://registry.npmjs.org/on-finished/-/on-finished-2.3.0.tgz",
          "integrity": "sha1-IPEzZIGwg811M3mSoWlxqi2QaUc=",
          "requires": {
            "ee-first": "1.1.1"
          }
        },
        "qs": {
          "version": "6.5.1",
          "resolved": "https://registry.npmjs.org/qs/-/qs-6.5.1.tgz",
          "integrity": "sha512-eRzhrN1WSINYCDCbrz796z37LOe3m5tmW7RQf6oBntukAG1nmovJvhnwHHRMAfeoItc1m2Hk02WER2aQ/iqs+A=="
        },
        "setprototypeof": {
          "version": "1.1.0",
          "resolved": "https://registry.npmjs.org/setprototypeof/-/setprototypeof-1.1.0.tgz",
          "integrity": "sha512-BvE/TwpZX4FXExxOxZyRGQQv651MSwmWKZGqvmPcRIjDqWub67kTKuIMx43cZZrS/cBBzwBcNDWoFxt2XEFIpQ=="
        },
        "statuses": {
          "version": "1.5.0",
          "resolved": "https://registry.npmjs.org/statuses/-/statuses-1.5.0.tgz",
          "integrity": "sha1-Fhx9rBd2Wf2YEfQ3cfqZOBR4Yow="
        },
        "type-is": {
          "version": "1.6.16",
          "resolved": "https://registry.npmjs.org/type-is/-/type-is-1.6.16.tgz",
          "integrity": "sha512-HRkVv/5qY2G6I8iab9cI7v1bOIdhm94dVjQCPFElW9W+3GeDOSHmy2EBYe4VTApuzolPcmgFTN3ftVJRKR2J9Q==",
          "requires": {
            "media-typer": "0.3.0",
            "mime-types": "2.1.19"
          }
        }
      }
    },
    "bytes": {
      "version": "3.0.0",
      "resolved": "https://registry.npmjs.org/bytes/-/bytes-3.0.0.tgz",
      "integrity": "sha1-0ygVQE1olpn4Wk6k+odV3ROpYEg="
    },
    "express": {
      "version": "4.16.3",
      "resolved": "https://registry.npmjs.org/express/-/express-4.16.3.tgz",
      "integrity": "sha1-avilAjUNsyRuzEvs9rWjTSL37VM=",
      "requires": {
        "accepts": "1.3.5",
        "array-flatten": "1.1.1",
        "body-parser": "1.18.2",
        "content-disposition": "0.5.2",
        "content-type": "1.0.4",
        "cookie": "0.3.1",
        "cookie-signature": "1.0.6",
        "debug": "2.6.9",
        "depd": "1.1.2",
        "encodeurl": "1.0.2",
        "escape-html": "1.0.3",
        "etag": "1.8.1",
        "finalhandler": "1.1.1",
        "fresh": "0.5.2",
        "merge-descriptors": "1.0.1",
        "methods": "1.1.2",
        "on-finished": "2.3.0",
        "parseurl": "1.3.2",
        "path-to-regexp": "0.1.7",
        "proxy-addr": "2.0.4",
        "qs": "6.5.1",
        "range-parser": "1.2.0",
        "safe-buffer": "5.1.1",
        "send": "0.16.2",
        "serve-static": "1.13.2",
        "setprototypeof": "1.1.0",
        "statuses": "1.4.0",
        "type-is": "1.6.16",
        "utils-merge": "1.0.1",
        "vary": "1.1.2"
      },
      "dependencies": {
        "accepts": {
          "version": "1.3.5",
          "resolved": "https://registry.npmjs.org/accepts/-/accepts-1.3.5.tgz",
          "integrity": "sha1-63d99gEXI6OxTopywIBcjoZ0a9I=",
          "requires": {
            "mime-types": "2.1.19",
            "negotiator": "0.6.1"
          }
        },
        "array-flatten": {
          "version": "1.1.1",
          "resolved": "https://registry.npmjs.org/array-flatten/-/array-flatten-1.1.1.tgz",
          "integrity": "sha1-ml9pkFGx5wczKPKgCJaLZOopVdI="
        },
        "content-disposition": {
          "version": "0.5.2",
          "resolved": "https://registry.npmjs.org/content-disposition/-/content-disposition-0.5.2.tgz",
          "integrity": "sha1-DPaLud318r55YcOoUXjLhdunjLQ="
        },
        "content-type": {
          "version": "1.0.4",
          "resolved": "https://registry.npmjs.org/content-type/-/content-type-1.0.4.tgz",
          "integrity": "sha512-hIP3EEPs8tB9AT1L+NUqtwOAps4mk2Zob89MWXMHjHWg9milF/j4osnnQLXBCBFBk/tvIG/tUc9mOUJiPBhPXA=="
        },
        "cookie": {
          "version": "0.3.1",
          "resolved": "https://registry.npmjs.org/cookie/-/cookie-0.3.1.tgz",
          "integrity": "sha1-5+Ch+e9DtMi6klxcWpboBtFoc7s="
        },
        "cookie-signature": {
          "version": "1.0.6",
          "resolved": "https://registry.npmjs.org/cookie-signature/-/cookie-signature-1.0.6.tgz",
          "integrity": "sha1-4wOogrNCzD7oylE6eZmXNNqzriw="
        },
        "debug": {
          "version": "2.6.9",
          "resolved": "https://registry.npmjs.org/debug/-/debug-2.6.9.tgz",
          "integrity": "sha512-bC7ElrdJaJnPbAP+1EotYvqZsb3ecl5wi6Bfi6BJTUcNowp6cvspg0jXznRTKDjm/E7AdgFBVeAPVMNcKGsHMA==",
          "requires": {
            "ms": "2.0.0"
          }
        },
        "depd": {
          "version": "1.1.2",
          "resolved": "https://registry.npmjs.org/depd/-/depd-1.1.2.tgz",
          "integrity": "sha1-m81S4UwJd2PnSbJ0xDRu0uVgtak="
        },
        "destroy": {
          "version": "1.0.4",
          "resolved": "https://registry.npmjs.org/destroy/-/destroy-1.0.4.tgz",
          "integrity": "sha1-l4hXRCxEdJ5CBmE+N5RiBYJqvYA="
        },
        "ee-first": {
          "version": "1.1.1",
          "resolved": "https://registry.npmjs.org/ee-first/-/ee-first-1.1.1.tgz",
          "integrity": "sha1-WQxhFWsK4vTwJVcyoViyZrxWsh0="
        },
        "encodeurl": {
          "version": "1.0.2",
          "resolved": "https://registry.npmjs.org/encodeurl/-/encodeurl-1.0.2.tgz",
          "integrity": "sha1-rT/0yG7C0CkyL1oCw6mmBslbP1k="
        },
        "escape-html": {
          "version": "1.0.3",
          "resolved": "https://registry.npmjs.org/escape-html/-/escape-html-1.0.3.tgz",
          "integrity": "sha1-Aljq5NPQwJdN4cFpGI7wBR0dGYg="
        },
        "etag": {
          "version": "1.8.1",
          "resolved": "https://registry.npmjs.org/etag/-/etag-1.8.1.tgz",
          "integrity": "sha1-Qa4u62XvpiJorr/qg6x9eSmbCIc="
        },
        "finalhandler": {
          "version": "1.1.1",
          "resolved": "https://registry.npmjs.org/finalhandler/-/finalhandler-1.1.1.tgz",
          "integrity": "sha512-Y1GUDo39ez4aHAw7MysnUD5JzYX+WaIj8I57kO3aEPT1fFRL4sr7mjei97FgnwhAyyzRYmQZaTHb2+9uZ1dPtg==",
          "requires": {
            "debug": "2.6.9",
            "encodeurl": "1.0.2",
            "escape-html": "1.0.3",
            "on-finished": "2.3.0",
            "parseurl": "1.3.2",
            "statuses": "1.4.0",
            "unpipe": "1.0.0"
          }
        },
        "forwarded": {
          "version": "0.1.2",
          "resolved": "https://registry.npmjs.org/forwarded/-/forwarded-0.1.2.tgz",
          "integrity": "sha1-mMI9qxF1ZXuMBXPozszZGw/xjIQ="
        },
        "fresh": {
          "version": "0.5.2",
          "resolved": "https://registry.npmjs.org/fresh/-/fresh-0.5.2.tgz",
          "integrity": "sha1-PYyt2Q2XZWn6g1qx+OSyOhBWBac="
        },
        "http-errors": {
          "version": "1.6.3",
          "resolved": "https://registry.npmjs.org/http-errors/-/http-errors-1.6.3.tgz",
          "integrity": "sha1-i1VoC7S+KDoLW/TqLjhYC+HZMg0=",
          "requires": {
            "depd": "1.1.2",
            "inherits": "2.0.3",
            "setprototypeof": "1.1.0",
            "statuses": "1.4.0"
          }
        },
        "inherits": {
          "version": "2.0.3",
          "resolved": "https://registry.npmjs.org/inherits/-/inherits-2.0.3.tgz",
          "integrity": "sha1-Yzwsg+PaQqUC9SRmAiSA9CCCYd4="
        },
        "ipaddr.js": {
          "version": "1.8.0",
          "resolved": "https://registry.npmjs.org/ipaddr.js/-/ipaddr.js-1.8.0.tgz",
          "integrity": "sha1-6qM9bd16zo9/b+DJygRA5wZzix4="
        },
        "media-typer": {
          "version": "0.3.0",
          "resolved": "https://registry.npmjs.org/media-typer/-/media-typer-0.3.0.tgz",
          "integrity": "sha1-hxDXrwqmJvj/+hzgAWhUUmMlV0g="
        },
        "merge-descriptors": {
          "version": "1.0.1",
          "resolved": "https://registry.npmjs.org/merge-descriptors/-/merge-descriptors-1.0.1.tgz",
          "integrity": "sha1-sAqqVW3YtEVoFQ7J0blT8/kMu2E="
        },
        "methods": {
          "version": "1.1.2",
          "resolved": "https://registry.npmjs.org/methods/-/methods-1.1.2.tgz",
          "integrity": "sha1-VSmk1nZUE07cxSZmVoNbD4Ua/O4="
        },
        "mime": {
          "version": "1.4.1",
          "resolved": "https://registry.npmjs.org/mime/-/mime-1.4.1.tgz",
          "integrity": "sha512-KI1+qOZu5DcW6wayYHSzR/tXKCDC5Om4s1z2QJjDULzLcmf3DvzS7oluY4HCTrc+9FiKmWUgeNLg7W3uIQvxtQ=="
        },
        "mime-db": {
          "version": "1.35.0",
          "resolved": "https://registry.npmjs.org/mime-db/-/mime-db-1.35.0.tgz",
          "integrity": "sha512-JWT/IcCTsB0Io3AhWUMjRqucrHSPsSf2xKLaRldJVULioggvkJvggZ3VXNNSRkCddE6D+BUI4HEIZIA2OjwIvg=="
        },
        "mime-types": {
          "version": "2.1.19",
          "resolved": "https://registry.npmjs.org/mime-types/-/mime-types-2.1.19.tgz",
          "integrity": "sha512-P1tKYHVSZ6uFo26mtnve4HQFE3koh1UWVkp8YUC+ESBHe945xWSoXuHHiGarDqcEZ+whpCDnlNw5LON0kLo+sw==",
          "requires": {
            "mime-db": "1.35.0"
          }
        },
        "ms": {
          "version": "2.0.0",
          "resolved": "https://registry.npmjs.org/ms/-/ms-2.0.0.tgz",
          "integrity": "sha1-VgiurfwAvmwpAd9fmGF4jeDVl8g="
        },
        "negotiator": {
          "version": "0.6.1",
          "resolved": "https://registry.npmjs.org/negotiator/-/negotiator-0.6.1.tgz",
          "integrity": "sha1-KzJxhOiZIQEXeyhWP7XnECrNDKk="
        },
        "on-finished": {
          "version": "2.3.0",
          "resolved": "https://registry.npmjs.org/on-finished/-/on-finished-2.3.0.tgz",
          "integrity": "sha1-IPEzZIGwg811M3mSoWlxqi2QaUc=",
          "requires": {
            "ee-first": "1.1.1"
          }
        },
        "parseurl": {
          "version": "1.3.2",
          "resolved": "https://registry.npmjs.org/parseurl/-/parseurl-1.3.2.tgz",
          "integrity": "sha1-/CidTtiZMRlGDBViUyYs3I3mW/M="
        },
        "path-to-regexp": {
          "version": "0.1.7",
          "resolved": "https://registry.npmjs.org/path-to-regexp/-/path-to-regexp-0.1.7.tgz",
          "integrity": "sha1-32BBeABfUi8V60SQ5yR6G/qmf4w="
        },
        "proxy-addr": {
          "version": "2.0.4",
          "resolved": "https://registry.npmjs.org/proxy-addr/-/proxy-addr-2.0.4.tgz",
          "integrity": "sha512-5erio2h9jp5CHGwcybmxmVqHmnCBZeewlfJ0pex+UW7Qny7OOZXTtH56TGNyBizkgiOwhJtMKrVzDTeKcySZwA==",
          "requires": {
            "forwarded": "0.1.2",
            "ipaddr.js": "1.8.0"
          }
        },
        "qs": {
          "version": "6.5.1",
          "resolved": "https://registry.npmjs.org/qs/-/qs-6.5.1.tgz",
          "integrity": "sha512-eRzhrN1WSINYCDCbrz796z37LOe3m5tmW7RQf6oBntukAG1nmovJvhnwHHRMAfeoItc1m2Hk02WER2aQ/iqs+A=="
        },
        "range-parser": {
          "version": "1.2.0",
          "resolved": "https://registry.npmjs.org/range-parser/-/range-parser-1.2.0.tgz",
          "integrity": "sha1-9JvmtIeJTdxA3MlKMi9hEJLgDV4="
        },
        "send": {
          "version": "0.16.2",
          "resolved": "https://registry.npmjs.org/send/-/send-0.16.2.tgz",
          "integrity": "sha512-E64YFPUssFHEFBvpbbjr44NCLtI1AohxQ8ZSiJjQLskAdKuriYEP6VyGEsRDH8ScozGpkaX1BGvhanqCwkcEZw==",
          "requires": {
            "debug": "2.6.9",
            "depd": "1.1.2",
            "destroy": "1.0.4",
            "encodeurl": "1.0.2",
            "escape-html": "1.0.3",
            "etag": "1.8.1",
            "fresh": "0.5.2",
            "http-errors": "1.6.3",
            "mime": "1.4.1",
            "ms": "2.0.0",
            "on-finished": "2.3.0",
            "range-parser": "1.2.0",
            "statuses": "1.4.0"
          }
        },
        "serve-static": {
          "version": "1.13.2",
          "resolved": "https://registry.npmjs.org/serve-static/-/serve-static-1.13.2.tgz",
          "integrity": "sha512-p/tdJrO4U387R9oMjb1oj7qSMaMfmOyd4j9hOFoxZe2baQszgHcSWjuya/CiT5kgZZKRudHNOA0pYXOl8rQ5nw==",
          "requires": {
            "encodeurl": "1.0.2",
            "escape-html": "1.0.3",
            "parseurl": "1.3.2",
            "send": "0.16.2"
          }
        },
        "setprototypeof": {
          "version": "1.1.0",
          "resolved": "https://registry.npmjs.org/setprototypeof/-/setprototypeof-1.1.0.tgz",
          "integrity": "sha512-BvE/TwpZX4FXExxOxZyRGQQv651MSwmWKZGqvmPcRIjDqWub67kTKuIMx43cZZrS/cBBzwBcNDWoFxt2XEFIpQ=="
        },
        "statuses": {
          "version": "1.4.0",
          "resolved": "https://registry.npmjs.org/statuses/-/statuses-1.4.0.tgz",
          "integrity": "sha512-zhSCtt8v2NDrRlPQpCNtw/heZLtfUDqxBM1udqikb/Hbk52LK4nQSwr10u77iopCW5LsyHpuXS0GnEc48mLeew=="
        },
        "type-is": {
          "version": "1.6.16",
          "resolved": "https://registry.npmjs.org/type-is/-/type-is-1.6.16.tgz",
          "integrity": "sha512-HRkVv/5qY2G6I8iab9cI7v1bOIdhm94dVjQCPFElW9W+3GeDOSHmy2EBYe4VTApuzolPcmgFTN3ftVJRKR2J9Q==",
          "requires": {
            "media-typer": "0.3.0",
            "mime-types": "2.1.19"
          }
        },
        "unpipe": {
          "version": "1.0.0",
          "resolved": "https://registry.npmjs.org/unpipe/-/unpipe-1.0.0.tgz",
          "integrity": "sha1-sr9O6FFKrmFltIF4KdIbLvSZBOw="
        },
        "utils-merge": {
          "version": "1.0.1",
          "resolved": "https://registry.npmjs.org/utils-merge/-/utils-merge-1.0.1.tgz",
          "integrity": "sha1-n5VxD1CiZ5R7LMwSR0HBAoQn5xM="
        },
        "vary": {
          "version": "1.1.2",
          "resolved": "https://registry.npmjs.org/vary/-/vary-1.1.2.tgz",
          "integrity": "sha1-IpnwLG3tMNSllhsLn3RSShj2NPw="
        }
      }
    },
    "iconv-lite": {
      "version": "0.4.19",
      "resolved": "https://registry.npmjs.org/iconv-lite/-/iconv-lite-0.4.19.tgz",
      "integrity": "sha512-oTZqweIP51xaGPI4uPa56/Pri/480R+mo7SeU+YETByQNhDG55ycFyNLIgta9vXhILrxXDmF7ZGhqZIcuN0gJQ=="
    },
    "lodash": {
      "version": "4.17.4",
      "resolved": "https://registry.npmjs.org/lodash/-/lodash-4.17.4.tgz",
      "integrity": "sha1-eCA6TRwyiuHYbcpkYONptX9AVa4="
    },
    "material-components-web": {
      "version": "0.12.1",
      "resolved": "https://registry.npmjs.org/material-components-web/-/material-components-web-0.12.1.tgz",
      "integrity": "sha1-PvhWK1Os/CO76ugSdRugIeJGy7A=",
      "requires": {
        "@material/animation": "0.2.3",
        "@material/auto-init": "0.1.4",
        "@material/base": "0.2.6",
        "@material/button": "0.3.11",
        "@material/card": "0.2.10",
        "@material/checkbox": "0.3.7",
        "@material/dialog": "0.3.5",
        "@material/drawer": "0.4.3",
        "@material/elevation": "0.1.13",
        "@material/fab": "0.3.16",
        "@material/form-field": "0.2.17",
        "@material/grid-list": "0.2.13",
        "@material/icon-toggle": "0.1.22",
        "@material/layout-grid": "0.1.2",
        "@material/linear-progress": "0.1.11",
        "@material/list": "0.2.20",
        "@material/menu": "0.2.7",
        "@material/radio": "0.2.15",
        "@material/ripple": "0.6.2",
        "@material/select": "0.3.18",
        "@material/snackbar": "0.2.2",
        "@material/switch": "0.1.15",
        "@material/tabs": "0.2.9",
        "@material/textfield": "0.2.11",
        "@material/theme": "0.1.7",
        "@material/toolbar": "0.3.3",
        "@material/typography": "0.2.3"
      },
      "dependencies": {
        "@material/animation": {
          "version": "0.2.3",
          "resolved": "https://registry.npmjs.org/@material/animation/-/animation-0.2.3.tgz",
          "integrity": "sha1-JfJJYs1knnZFmharI0t4Rqen9Bk="
        },
        "@material/auto-init": {
          "version": "0.1.4",
          "resolved": "https://registry.npmjs.org/@material/auto-init/-/auto-init-0.1.4.tgz",
          "integrity": "sha512-pyq6hTVrYo/Z/yU3vCAaIpo7C9As/Inj49kt7tRPLsCQ5MDhhMTjCZFmqldDss88XQ1QR2gjNoSh7lNkwRlu7A=="
        },
        "@material/base": {
          "version": "0.2.6",
          "resolved": "https://registry.npmjs.org/@material/base/-/base-0.2.6.tgz",
          "integrity": "sha1-MAPz3ywG0XIVHUFguMiy5sZefAE="
        },
        "@material/button": {
          "version": "0.3.11",
          "resolved": "https://registry.npmjs.org/@material/button/-/button-0.3.11.tgz",
          "integrity": "sha1-F6tM1dVTiePaNJaxwWJtzk9qeDk=",
          "requires": {
            "@material/elevation": "0.1.13",
            "@material/ripple": "0.8.8",
            "@material/theme": "0.1.7",
            "@material/typography": "0.3.0"
          },
          "dependencies": {
            "@material/ripple": {
              "version": "0.8.8",
              "resolved": "https://registry.npmjs.org/@material/ripple/-/ripple-0.8.8.tgz",
              "integrity": "sha1-Irie2eY4g/F/pPANEjcOMuDEWbc=",
              "requires": {
                "@material/base": "0.2.6",
                "@material/theme": "0.4.0"
              },
              "dependencies": {
                "@material/theme": {
                  "version": "0.4.0",
                  "resolved": "https://registry.npmjs.org/@material/theme/-/theme-0.4.0.tgz",
                  "integrity": "sha1-Cu8aAnm2XBWZBYT7i47KCVxzRkE="
                }
              }
            },
            "@material/typography": {
              "version": "0.3.0",
              "resolved": "https://registry.npmjs.org/@material/typography/-/typography-0.3.0.tgz",
              "integrity": "sha1-+CjC0yFb/WbFgHJwm0JgxkElOQo="
            }
          }
        },
        "@material/card": {
          "version": "0.2.10",
          "resolved": "https://registry.npmjs.org/@material/card/-/card-0.2.10.tgz",
          "integrity": "sha1-WaVT9EXAeivSpsOTkDFqHZwq8rE=",
          "requires": {
            "@material/elevation": "0.1.13",
            "@material/rtl": "0.1.8",
            "@material/theme": "0.4.0",
            "@material/typography": "0.3.0"
          },
          "dependencies": {
            "@material/theme": {
              "version": "0.4.0",
              "resolved": "https://registry.npmjs.org/@material/theme/-/theme-0.4.0.tgz",
              "integrity": "sha1-Cu8aAnm2XBWZBYT7i47KCVxzRkE="
            },
            "@material/typography": {
              "version": "0.3.0",
              "resolved": "https://registry.npmjs.org/@material/typography/-/typography-0.3.0.tgz",
              "integrity": "sha1-+CjC0yFb/WbFgHJwm0JgxkElOQo="
            }
          }
        },
        "@material/checkbox": {
          "version": "0.3.7",
          "resolved": "https://registry.npmjs.org/@material/checkbox/-/checkbox-0.3.7.tgz",
          "integrity": "sha1-USy0hkHwydaa9kRVDk7e+ucpSqw=",
          "requires": {
            "@material/animation": "0.2.3",
            "@material/base": "0.2.6",
            "@material/ripple": "0.7.0",
            "@material/rtl": "0.1.8",
            "@material/theme": "0.1.7"
          },
          "dependencies": {
            "@material/ripple": {
              "version": "0.7.0",
              "resolved": "https://registry.npmjs.org/@material/ripple/-/ripple-0.7.0.tgz",
              "integrity": "sha1-6nhKbFT41JPT3yFEDc+rpwb7DKo=",
              "requires": {
                "@material/base": "0.2.6",
                "@material/theme": "0.1.7"
              }
            }
          }
        },
        "@material/dialog": {
          "version": "0.3.5",
          "resolved": "https://registry.npmjs.org/@material/dialog/-/dialog-0.3.5.tgz",
          "integrity": "sha1-P09yTD5+JEUJ/U/+p7OHj1JjKfE=",
          "requires": {
            "@material/animation": "0.3.1",
            "@material/base": "0.2.6",
            "@material/elevation": "0.1.13",
            "@material/ripple": "0.8.8",
            "@material/rtl": "0.1.8",
            "@material/theme": "0.1.7",
            "@material/typography": "0.1.1",
            "focus-trap": "2.4.6"
          },
          "dependencies": {
            "@material/animation": {
              "version": "0.3.1",
              "resolved": "https://registry.npmjs.org/@material/animation/-/animation-0.3.1.tgz",
              "integrity": "sha1-Ip3mkn0FkNbWsgFX13jSZO8CIpo="
            },
            "@material/ripple": {
              "version": "0.8.8",
              "resolved": "https://registry.npmjs.org/@material/ripple/-/ripple-0.8.8.tgz",
              "integrity": "sha1-Irie2eY4g/F/pPANEjcOMuDEWbc=",
              "requires": {
                "@material/base": "0.2.6",
                "@material/theme": "0.4.0"
              },
              "dependencies": {
                "@material/theme": {
                  "version": "0.4.0",
                  "resolved": "https://registry.npmjs.org/@material/theme/-/theme-0.4.0.tgz",
                  "integrity": "sha1-Cu8aAnm2XBWZBYT7i47KCVxzRkE="
                }
              }
            },
            "@material/typography": {
              "version": "0.1.1",
              "resolved": "https://registry.npmjs.org/@material/typography/-/typography-0.1.1.tgz",
              "integrity": "sha1-+y40N70yhNOen7kUhXZ63msr0ME="
            }
          }
        },
        "@material/drawer": {
          "version": "0.4.3",
          "resolved": "https://registry.npmjs.org/@material/drawer/-/drawer-0.4.3.tgz",
          "integrity": "sha1-LjQqGKuQL19Bystct1IqslBZpsc=",
          "requires": {
            "@material/animation": "0.2.3",
            "@material/base": "0.2.6",
            "@material/elevation": "0.1.13",
            "@material/rtl": "0.1.8",
            "@material/theme": "0.1.7",
            "@material/typography": "0.2.3"
          }
        },
        "@material/elevation": {
          "version": "0.1.13",
          "resolved": "https://registry.npmjs.org/@material/elevation/-/elevation-0.1.13.tgz",
          "integrity": "sha1-o4iF88r0OYymp0aMMIiH1wvUYFs=",
          "requires": {
            "@material/animation": "0.4.1"
          },
          "dependencies": {
            "@material/animation": {
              "version": "0.4.1",
              "resolved": "https://registry.npmjs.org/@material/animation/-/animation-0.4.1.tgz",
              "integrity": "sha1-v4tQrtrUz/zopbQo/cqPGruvF24="
            }
          }
        },
        "@material/fab": {
          "version": "0.3.16",
          "resolved": "https://registry.npmjs.org/@material/fab/-/fab-0.3.16.tgz",
          "integrity": "sha512-xiLEi6L7Ethhr/MJYfW/d6yMSNt7wBHswhZ+GOPBb/MQ7ODT6mSPknoNx9pE2IlQNdEY27+spijTcEpERzzJZg==",
          "requires": {
            "@material/animation": "0.3.1",
            "@material/elevation": "0.1.13",
            "@material/ripple": "0.8.8",
            "@material/theme": "0.2.0"
          },
          "dependencies": {
            "@material/animation": {
              "version": "0.3.1",
              "resolved": "https://registry.npmjs.org/@material/animation/-/animation-0.3.1.tgz",
              "integrity": "sha1-Ip3mkn0FkNbWsgFX13jSZO8CIpo="
            },
            "@material/ripple": {
              "version": "0.8.8",
              "resolved": "https://registry.npmjs.org/@material/ripple/-/ripple-0.8.8.tgz",
              "integrity": "sha1-Irie2eY4g/F/pPANEjcOMuDEWbc=",
              "requires": {
                "@material/base": "0.2.6",
                "@material/theme": "0.4.0"
              },
              "dependencies": {
                "@material/theme": {
                  "version": "0.4.0",
                  "resolved": "https://registry.npmjs.org/@material/theme/-/theme-0.4.0.tgz",
                  "integrity": "sha1-Cu8aAnm2XBWZBYT7i47KCVxzRkE="
                }
              }
            },
            "@material/theme": {
              "version": "0.2.0",
              "resolved": "https://registry.npmjs.org/@material/theme/-/theme-0.2.0.tgz",
              "integrity": "sha512-JImkTjEPt6LxjU3eTeZQSZVZfCs8ooCC8nYk736bB3IRMYSJCsX5EZ+ZoEehtqRpS++VLQID3raWdGUy2kNJzA=="
            }
          }
        },
        "@material/form-field": {
          "version": "0.2.17",
          "resolved": "https://registry.npmjs.org/@material/form-field/-/form-field-0.2.17.tgz",
          "integrity": "sha1-fiomhJUWBxLA2W1EUwggCYpdylU=",
          "requires": {
            "@material/base": "0.2.6",
            "@material/rtl": "0.1.8",
            "@material/selection-control": "0.1.3",
            "@material/theme": "0.4.0",
            "@material/typography": "0.3.0"
          },
          "dependencies": {
            "@material/theme": {
              "version": "0.4.0",
              "resolved": "https://registry.npmjs.org/@material/theme/-/theme-0.4.0.tgz",
              "integrity": "sha1-Cu8aAnm2XBWZBYT7i47KCVxzRkE="
            },
            "@material/typography": {
              "version": "0.3.0",
              "resolved": "https://registry.npmjs.org/@material/typography/-/typography-0.3.0.tgz",
              "integrity": "sha1-+CjC0yFb/WbFgHJwm0JgxkElOQo="
            }
          }
        },
        "@material/grid-list": {
          "version": "0.2.13",
          "resolved": "https://registry.npmjs.org/@material/grid-list/-/grid-list-0.2.13.tgz",
          "integrity": "sha1-BM4ZjSPHEMZzFvHsXwQJgp/Wvq0=",
          "requires": {
            "@material/base": "0.2.6",
            "@material/rtl": "0.1.8",
            "@material/theme": "0.4.0",
            "@material/typography": "0.3.0"
          },
          "dependencies": {
            "@material/theme": {
              "version": "0.4.0",
              "resolved": "https://registry.npmjs.org/@material/theme/-/theme-0.4.0.tgz",
              "integrity": "sha1-Cu8aAnm2XBWZBYT7i47KCVxzRkE="
            },
            "@material/typography": {
              "version": "0.3.0",
              "resolved": "https://registry.npmjs.org/@material/typography/-/typography-0.3.0.tgz",
              "integrity": "sha1-+CjC0yFb/WbFgHJwm0JgxkElOQo="
            }
          }
        },
        "@material/icon-toggle": {
          "version": "0.1.22",
          "resolved": "https://registry.npmjs.org/@material/icon-toggle/-/icon-toggle-0.1.22.tgz",
          "integrity": "sha1-xsRJhR9rntKf83me5Vo0EICbiQ8=",
          "requires": {
            "@material/animation": "0.4.1",
            "@material/base": "0.2.6",
            "@material/ripple": "0.8.8",
            "@material/theme": "0.4.0"
          },
          "dependencies": {
            "@material/animation": {
              "version": "0.4.1",
              "resolved": "https://registry.npmjs.org/@material/animation/-/animation-0.4.1.tgz",
              "integrity": "sha1-v4tQrtrUz/zopbQo/cqPGruvF24="
            },
            "@material/ripple": {
              "version": "0.8.8",
              "resolved": "https://registry.npmjs.org/@material/ripple/-/ripple-0.8.8.tgz",
              "integrity": "sha1-Irie2eY4g/F/pPANEjcOMuDEWbc=",
              "requires": {
                "@material/base": "0.2.6",
                "@material/theme": "0.4.0"
              }
            },
            "@material/theme": {
              "version": "0.4.0",
              "resolved": "https://registry.npmjs.org/@material/theme/-/theme-0.4.0.tgz",
              "integrity": "sha1-Cu8aAnm2XBWZBYT7i47KCVxzRkE="
            }
          }
        },
        "@material/layout-grid": {
          "version": "0.1.2",
          "resolved": "https://registry.npmjs.org/@material/layout-grid/-/layout-grid-0.1.2.tgz",
          "integrity": "sha1-wZ1p46j/nwlJUo4cf+KrT9pJLHs="
        },
        "@material/linear-progress": {
          "version": "0.1.11",
          "resolved": "https://registry.npmjs.org/@material/linear-progress/-/linear-progress-0.1.11.tgz",
          "integrity": "sha1-lx1OAVV1pLEx6W8KoMlECtXp4+8=",
          "requires": {
            "@material/animation": "0.4.1",
            "@material/base": "0.2.6",
            "@material/theme": "0.4.0"
          },
          "dependencies": {
            "@material/animation": {
              "version": "0.4.1",
              "resolved": "https://registry.npmjs.org/@material/animation/-/animation-0.4.1.tgz",
              "integrity": "sha1-v4tQrtrUz/zopbQo/cqPGruvF24="
            },
            "@material/theme": {
              "version": "0.4.0",
              "resolved": "https://registry.npmjs.org/@material/theme/-/theme-0.4.0.tgz",
              "integrity": "sha1-Cu8aAnm2XBWZBYT7i47KCVxzRkE="
            }
          }
        },
        "@material/list": {
          "version": "0.2.20",
          "resolved": "https://registry.npmjs.org/@material/list/-/list-0.2.20.tgz",
          "integrity": "sha1-XtSzG+OxnBrFwvRbi9iIW7VzdDQ=",
          "requires": {
            "@material/ripple": "0.8.8",
            "@material/rtl": "0.1.8",
            "@material/theme": "0.4.0",
            "@material/typography": "0.3.0"
          },
          "dependencies": {
            "@material/ripple": {
              "version": "0.8.8",
              "resolved": "https://registry.npmjs.org/@material/ripple/-/ripple-0.8.8.tgz",
              "integrity": "sha1-Irie2eY4g/F/pPANEjcOMuDEWbc=",
              "requires": {
                "@material/base": "0.2.6",
                "@material/theme": "0.4.0"
              }
            },
            "@material/theme": {
              "version": "0.4.0",
              "resolved": "https://registry.npmjs.org/@material/theme/-/theme-0.4.0.tgz",
              "integrity": "sha1-Cu8aAnm2XBWZBYT7i47KCVxzRkE="
            },
            "@material/typography": {
              "version": "0.3.0",
              "resolved": "https://registry.npmjs.org/@material/typography/-/typography-0.3.0.tgz",
              "integrity": "sha1-+CjC0yFb/WbFgHJwm0JgxkElOQo="
            }
          }
        },
        "@material/menu": {
          "version": "0.2.7",
          "resolved": "https://registry.npmjs.org/@material/menu/-/menu-0.2.7.tgz",
          "integrity": "sha1-jnxDso13Fg79l+7Re2st03syCqs=",
          "requires": {
            "@material/animation": "0.2.3",
            "@material/base": "0.2.6",
            "@material/elevation": "0.1.13",
            "@material/theme": "0.1.7",
            "@material/typography": "0.2.3"
          }
        },
        "@material/radio": {
          "version": "0.2.15",
          "resolved": "https://registry.npmjs.org/@material/radio/-/radio-0.2.15.tgz",
          "integrity": "sha1-NZj3nL4cQTwrVKwysNsSlV+TY2s=",
          "requires": {
            "@material/animation": "0.4.1",
            "@material/base": "0.2.6",
            "@material/ripple": "0.8.8",
            "@material/selection-control": "0.1.3",
            "@material/theme": "0.4.0"
          },
          "dependencies": {
            "@material/animation": {
              "version": "0.4.1",
              "resolved": "https://registry.npmjs.org/@material/animation/-/animation-0.4.1.tgz",
              "integrity": "sha1-v4tQrtrUz/zopbQo/cqPGruvF24="
            },
            "@material/ripple": {
              "version": "0.8.8",
              "resolved": "https://registry.npmjs.org/@material/ripple/-/ripple-0.8.8.tgz",
              "integrity": "sha1-Irie2eY4g/F/pPANEjcOMuDEWbc=",
              "requires": {
                "@material/base": "0.2.6",
                "@material/theme": "0.4.0"
              }
            },
            "@material/theme": {
              "version": "0.4.0",
              "resolved": "https://registry.npmjs.org/@material/theme/-/theme-0.4.0.tgz",
              "integrity": "sha1-Cu8aAnm2XBWZBYT7i47KCVxzRkE="
            }
          }
        },
        "@material/ripple": {
          "version": "0.6.2",
          "resolved": "https://registry.npmjs.org/@material/ripple/-/ripple-0.6.2.tgz",
          "integrity": "sha1-qFVtt8FB019VgsWZC+hpC++d7lk=",
          "requires": {
            "@material/base": "0.2.6",
            "@material/theme": "0.1.7"
          }
        },
        "@material/rtl": {
          "version": "0.1.8",
          "resolved": "https://registry.npmjs.org/@material/rtl/-/rtl-0.1.8.tgz",
          "integrity": "sha512-NzBobwxvhJg+dch99pVO+Z9HL1DM+esuIy5WYXgM7trfOVh8n9DkVo5vD/NKnDy6F5wCaRnJOI5T19Tev6c9Zw=="
        },
        "@material/select": {
          "version": "0.3.18",
          "resolved": "https://registry.npmjs.org/@material/select/-/select-0.3.18.tgz",
          "integrity": "sha1-YwHePHeudJ7e7bl90ja1WzDAozI=",
          "requires": {
            "@material/animation": "0.4.1",
            "@material/base": "0.2.6",
            "@material/list": "0.2.20",
            "@material/menu": "0.4.8",
            "@material/rtl": "0.1.8",
            "@material/theme": "0.4.0",
            "@material/typography": "0.3.0"
          },
          "dependencies": {
            "@material/animation": {
              "version": "0.4.1",
              "resolved": "https://registry.npmjs.org/@material/animation/-/animation-0.4.1.tgz",
              "integrity": "sha1-v4tQrtrUz/zopbQo/cqPGruvF24="
            },
            "@material/menu": {
              "version": "0.4.8",
              "resolved": "https://registry.npmjs.org/@material/menu/-/menu-0.4.8.tgz",
              "integrity": "sha1-YDtABdlpcOFUdPnSgj9MfKD1KHs=",
              "requires": {
                "@material/animation": "0.4.1",
                "@material/base": "0.2.6",
                "@material/elevation": "0.1.13",
                "@material/theme": "0.4.0",
                "@material/typography": "0.3.0"
              }
            },
            "@material/theme": {
              "version": "0.4.0",
              "resolved": "https://registry.npmjs.org/@material/theme/-/theme-0.4.0.tgz",
              "integrity": "sha1-Cu8aAnm2XBWZBYT7i47KCVxzRkE="
            },
            "@material/typography": {
              "version": "0.3.0",
              "resolved": "https://registry.npmjs.org/@material/typography/-/typography-0.3.0.tgz",
              "integrity": "sha1-+CjC0yFb/WbFgHJwm0JgxkElOQo="
            }
          }
        },
        "@material/snackbar": {
          "version": "0.2.2",
          "resolved": "https://registry.npmjs.org/@material/snackbar/-/snackbar-0.2.2.tgz",
          "integrity": "sha1-ybKEE4bVWG+QNEtX+5wiBKifFqI=",
          "requires": {
            "@material/animation": "0.2.3",
            "@material/base": "0.2.6",
            "@material/button": "0.3.11",
            "@material/rtl": "0.1.8",
            "@material/theme": "0.1.7",
            "@material/typography": "0.2.3"
          }
        },
        "@material/switch": {
          "version": "0.1.15",
          "resolved": "https://registry.npmjs.org/@material/switch/-/switch-0.1.15.tgz",
          "integrity": "sha1-bysfHvfD3JbjKmijEBSYtWKRRhk=",
          "requires": {
            "@material/animation": "0.4.1",
            "@material/elevation": "0.1.13",
            "@material/theme": "0.4.0"
          },
          "dependencies": {
            "@material/animation": {
              "version": "0.4.1",
              "resolved": "https://registry.npmjs.org/@material/animation/-/animation-0.4.1.tgz",
              "integrity": "sha1-v4tQrtrUz/zopbQo/cqPGruvF24="
            },
            "@material/theme": {
              "version": "0.4.0",
              "resolved": "https://registry.npmjs.org/@material/theme/-/theme-0.4.0.tgz",
              "integrity": "sha1-Cu8aAnm2XBWZBYT7i47KCVxzRkE="
            }
          }
        },
        "@material/textfield": {
          "version": "0.2.11",
          "resolved": "https://registry.npmjs.org/@material/textfield/-/textfield-0.2.11.tgz",
          "integrity": "sha512-k82nLd9H0QFLHYL6f/KKL0DnJakKXSCVm0G7zqU3t+7TaHqgIzHwHvLsSULtsCaIkKjlxXHTBeZmLv7DegH1Zg==",
          "requires": {
            "@material/animation": "0.2.3",
            "@material/base": "0.2.6",
            "@material/rtl": "0.1.8",
            "@material/theme": "0.1.7",
            "@material/typography": "0.2.3"
          }
        },
        "@material/theme": {
          "version": "0.1.7",
          "resolved": "https://registry.npmjs.org/@material/theme/-/theme-0.1.7.tgz",
          "integrity": "sha1-2Up8UJn+rp3DGMY5gCMnx66C6HI="
        },
        "@material/toolbar": {
          "version": "0.3.3",
          "resolved": "https://registry.npmjs.org/@material/toolbar/-/toolbar-0.3.3.tgz",
          "integrity": "sha1-mGfj9WXtyn9vndxr55E+WRdCKHI=",
          "requires": {
            "@material/base": "0.2.6",
            "@material/elevation": "0.1.13",
            "@material/rtl": "0.1.8",
            "@material/theme": "0.1.7",
            "@material/typography": "0.2.3"
          }
        },
        "@material/typography": {
          "version": "0.2.3",
          "resolved": "https://registry.npmjs.org/@material/typography/-/typography-0.2.3.tgz",
          "integrity": "sha1-zd9BeAmMnHtMLnijMEk3a01q61M="
        },
        "focus-trap": {
          "version": "2.4.6",
          "resolved": "https://registry.npmjs.org/focus-trap/-/focus-trap-2.4.6.tgz",
          "integrity": "sha512-vWZTPtBU6pBoyWZDRZJHkXsyP2ZCZBHE3DRVXnSVdQKH/mcDtu9S5Kz8CUDyIqpfZfLEyI9rjKJLnc4Y40BRBg==",
          "requires": {
            "tabbable": "1.1.3"
          }
        },
        "tabbable": {
          "version": "1.1.3",
          "resolved": "https://registry.npmjs.org/tabbable/-/tabbable-1.1.3.tgz",
          "integrity": "sha512-nOWwx35/JuDI4ONuF0ZTo6lYvI0fY0tZCH1ErzY2EXfu4az50ZyiUX8X073FLiZtmWUVlkRnuXsehjJgCw9tYg=="
        }
      }
    },
    "raw-body": {
      "version": "2.3.2",
      "resolved": "https://registry.npmjs.org/raw-body/-/raw-body-2.3.2.tgz",
      "integrity": "sha1-vNYMd9Prk83gBQKVw/N5OJvIj4k=",
      "requires": {
        "bytes": "3.0.0",
        "http-errors": "1.6.2",
        "iconv-lite": "0.4.19",
        "unpipe": "1.0.0"
      },
      "dependencies": {
        "depd": {
          "version": "1.1.1",
          "resolved": "https://registry.npmjs.org/depd/-/depd-1.1.1.tgz",
          "integrity": "sha1-V4O04cRZ8G+lyif5kfPQbnoxA1k="
        },
        "http-errors": {
          "version": "1.6.2",
          "resolved": "https://registry.npmjs.org/http-errors/-/http-errors-1.6.2.tgz",
          "integrity": "sha1-CgAsyFcHGSp+eUbO7cERVfYOxzY=",
          "requires": {
            "depd": "1.1.1",
            "inherits": "2.0.3",
            "setprototypeof": "1.0.3",
            "statuses": "1.5.0"
          }
        },
        "inherits": {
          "version": "2.0.3",
          "resolved": "https://registry.npmjs.org/inherits/-/inherits-2.0.3.tgz",
          "integrity": "sha1-Yzwsg+PaQqUC9SRmAiSA9CCCYd4="
        },
        "setprototypeof": {
          "version": "1.0.3",
          "resolved": "https://registry.npmjs.org/setprototypeof/-/setprototypeof-1.0.3.tgz",
          "integrity": "sha1-ZlZ+NwQ+608E2RvWWMDL77VbjgQ="
        },
        "statuses": {
          "version": "1.5.0",
          "resolved": "https://registry.npmjs.org/statuses/-/statuses-1.5.0.tgz",
          "integrity": "sha1-Fhx9rBd2Wf2YEfQ3cfqZOBR4Yow="
        },
        "unpipe": {
          "version": "1.0.0",
          "resolved": "https://registry.npmjs.org/unpipe/-/unpipe-1.0.0.tgz",
          "integrity": "sha1-sr9O6FFKrmFltIF4KdIbLvSZBOw="
        }
      }
    },
    "safe-buffer": {
      "version": "5.1.1",
      "resolved": "https://registry.npmjs.org/safe-buffer/-/safe-buffer-5.1.1.tgz",
      "integrity": "sha512-kKvNJn6Mm93gAczWVJg7wH+wGYWNrDHdWvpUmHyEsgCtIwwo3bqPtV4tR5tuPaUhTOo/kvhVwd8XwwOllGYkbg=="
    }
  }
}
